version = 1
revision = 3
requires-python = ">=3.14"

[[package]]
name = "basedpyright"
version = "1.40.1"
source = { registry = "https://pypi.org/simple" }
dependencies = [
    { name = "nodejs-wheel-binaries" },
]
sdist = { url = "https://files.pythonhosted.org/packages/38/ee/8d0b6806338b13526303cf72754351221a32cdb80ab56dcf2c91d6b1ea57/basedpyright-1.40.1.tar.gz", hash = "sha256:da1c9913b6d169340a0dbb6df76ea97f476ccb697da8f92659ac46032f6d2ce8", size = 25131254, upload-time = "2026-09-10T23:17:24.559Z" }
wheels = [
    { url = "https://files.pythonhosted.org/packages/b2/84/c1e1e845d0453253a98d1ba188d68597f0ba7e552eeabea514d9395d418a/basedpyright-1.40.1-py3-none-any.whl", hash = "sha256:222dc0382caf9816eb23a27cb7059fa96356ddc500b3b7b306072848fd650244", size = 13689276, upload-time = "2026-09-10T23:17:20.322Z" },
]

[[package]]
name = "beaver-db"
version = "0.1.0"
source = { editable = "." }

[package.dev-dependencies]
dev = [
    { name = "basedpyright" },
    { name = "hypothesis" },
    { name = "pytest" },
    { name = "ruff" },
]

[package.metadata]

[package.metadata.requires-dev]
dev = [
    { name = "basedpyright", specifier = ">=1.31.0" },
    { name = "hypothesis", specifier = ">=6.168.0" },
    { name = "pytest", specifier = ">=9.1.1" },
    { name = "ruff", specifier = ">=0.16.6" },
]

[[package]]
name = "colorama"
version = "0.4.6"
source = { registry = "https://pypi.org/simple" }
sdist = { url = "https://files.pythonhosted.org/packages/d8/53/6f443c9a4a8358a93a6792e2acffb9d9d5cb0a5cfd8802644b7b1c9a02e4/colorama-0.4.6.tar.gz", hash = "sha256:08695f5cb7ed6e0531a20572697297273c47b8cae5a63ffc6d6ed5c201be6e44", size = 27697, upload-time = "2022-10-25T02:36:22.414Z" }
wheels = [
    { url = "https://files.pythonhosted.org/packages/d1/d6/3965ed04c63042e047cb6a3e6ed1a63a35087b6a609aa3a15ed8ac56c221/colorama-0.4.6-py2.py3-none-any.whl", hash = "sha256:4f1d9991f5acc0ca119f9d443620b77f9d6b33703e51011c16baf57afb285fc6", size = 25335, upload-time = "2022-10-25T02:36:20.889Z" },
]

[[package]]
name = "hypothesis"
version = "6.168.0"
source = { registry = "https://pypi.org/simple" }
dependencies = [
    { name = "sortedcontainers" },
]
sdist = { url = "https://files.pythonhosted.org/packages/5a/ce/c0946bebffb99b62426a6a7643d4272cc6c5cf777a488b3b4d0ee724e960/hypothesis-6.168.0.tar.gz", hash = "sha256:72af51087b7b5ab21c49f0d502f803c20897678652835596bd2a8b169a39135e", size = 510805, upload-time = "2026-09-08T18:48:36.072Z" }
wheels = [
    { url = "https://files.pythonhosted.org/packages/0f/f8/8b2cc9ae7b439538f6f2d32a92892340b6343a6b04d171c516666901dedc/hypothesis-6.168.0-cp310-abi3-macosx_10_12_x86_64.whl", hash = "sha256:47b89491ff02e3ae9b302c440457938e87b47a45b9a1d98ff5575b6910d779e2", size = 791358, upload-time = "2026-09-08T18:47:37.076Z" },
    { url = "https://files.pythonhosted.org/packages/8b/f4/4d7d897310cde5085779fb96feadb8529d98cb8e51ed7b24f7da9b6c6bdc/hypothesis-6.168.0-cp310-abi3-macosx_11_0_arm64.whl", hash = "sha256:1f4cd0ff11bd470a1a846296ed5fe55e84214194850370994fd1370fe73d3099", size = 787081, upload-time = "2026-09-08T18:47:16.227Z" },
    { url = "https://files.pythonhosted.org/packages/26/7b/9d52066d363faba7f3ac20ee60a3c696a475feb2c477d235d0d649d41cc1/hypothesis-6.168.0-cp310-abi3-manylinux_2_17_aarch64.manylinux2014_aarch64.whl", hash = "sha256:732ae5d47482f99d8028cca096729625f05690a83f5e7ce31466e266155792f4", size = 1123850, upload-time = "2026-09-08T18:48:11.504Z" },
    { url = "https://files.pythonhosted.org/packages/50/cf/aa46d76fa7df43caf2c372e394fda84ce1dc08421814f8674a6b9295e2ea/hypothesis-6.168.0-cp310-abi3-manylinux_2_17_armv7l.manylinux2014_armv7l.whl", hash = "sha256:2085ee74ac3ab6b70e2f7ffae9b4cb74c246da2f574b2de81a0818a8a30f659f", size = 1147685, upload-time = "2026-09-08T18:46:58.219Z" },
    { url = "https://files.pythonhosted.org/packages/84/c2/78ed8c8d5aa37e4baae2a4b3e29687ee3d9b7f1a5e56ea5ea5ec7ec71ecb/hypothesis-6.168.0-cp310-abi3-manylinux_2_17_ppc64le.manylinux2014_ppc64le.whl", hash = "sha256:1894782fae5d9a7bb44e6dcf848ccb09ccb5babab48d8b5c31a0a7fc025b82a1", size = 1149294, upload-time = "2026-09-08T18:47:04.757Z" },
    { url = "https://files.pythonhosted.org/packages/78/7f/d57440f19e9de70e85359cf179ce786f309ee17609bd3c5a0113272875c0/hypothesis-6.168.0-cp310-abi3-manylinux_2_17_x86_64.manylinux2014_x86_64.whl", hash = "sha256:ecf0ab13cef899efb816ffdd7963e0679f372520884ce06756c7642f3df94213", size = 1169729, upload-time = "2026-09-08T18:47:44.056Z" },
    { url = "https://files.pythonhosted.org/packages/a1/86/dc74410a186990bb22c2a3eea0e77804f2eb0f300860b46d7d8948073674/hypothesis-6.168.0-cp310-abi3-manylinux_2_31_riscv64.whl", hash = "sha256:3f6dcf66270278d078bed01b401f47db4e26456cd909d8e23c6b9366a6c0b131", size = 1129182, upload-time = "2026-09-08T18:46:33.382Z" },
    { url = "https://files.pythonhosted.org/packages/b2/5e/be048fc4f6dac831625e155bdf11e4233caf46bb54030391d6fba8e19449/hypothesis-6.168.0-cp310-abi3-manylinux_2_5_i686.manylinux1_i686.whl", hash = "sha256:bfef4d46dbf1704a7b8fa3a78778651a2cb18870ca0a70da19c381646822b149", size = 1160180, upload-time = "2026-09-08T18:47:26.459Z" },
    { url = "https://files.pythonhosted.org/packages/0f/4a/15a34498a5f08720fbbdbbe4668a8050fe4e17c16c9eeb6f56a017f2fa6b/hypothesis-6.168.0-cp310-abi3-musllinux_1_2_aarch64.whl", hash = "sha256:1d1aa5b3484e329295d88488a5ba06243909e65c2ab616513c2d36721de4ed1d", size = 1299711, upload-time = "2026-09-08T18:47:28.34Z" },
    { url = "https://files.pythonhosted.org/packages/77/09/5354e0dae302ab98c4f0046b7e8699c2186ae4349397bda5d5c852bda68b/hypothesis-6.168.0-cp310-abi3-musllinux_1_2_armv7l.whl", hash = "sha256:3bc00fd8cda04b58e37a1163e8a65389b247b4f5ee547ae37d244a4960995517", size = 1425341, upload-time = "2026-09-08T18:46:56.785Z" },
    { url = "https://files.pythonhosted.org/packages/59/7c/3c0e1f59043ff128c70a51d298d3d6b5973525c357a1e1d0542dbc05ac90/hypothesis-6.168.0-cp310-abi3-musllinux_1_2_ppc64le.whl", hash = "sha256:990026952d5b2eca290c88f639ac639233f47e13dae338c6dfb6e4774bcab349", size = 1281063, upload-time = "2026-09-08T18:46:55.401Z" },
    { url = "https://files.pythonhosted.org/packages/40/dd/db884db9a7d42ae6b72a00c13c725940b638dfb263e618b22af59d5dfa2f/hypothesis-6.168.0-cp310-abi3-musllinux_1_2_riscv64.whl", hash = "sha256:a74b0945acbbd552c7c2d0a99a3b5232962b8848c8eed1829451800a9bfcf00b", size = 1300247, upload-time = "2026-09-08T18:47:02.949Z" },
    { url = "https://files.pythonhosted.org/packages/99/8a/4ee9769e1d48676efb6a78a130f82e0d52d3f87b2055294102272a08615c/hypothesis-6.168.0-cp310-abi3-musllinux_1_2_x86_64.whl", hash = "sha256:2a380b521b5a76a9e8917d64adcf7f861a45a4360a34b1579af14c5df8eb0377", size = 1336084, upload-time = "2026-09-08T18:48:05.675Z" },
    { url = "https://files.pythonhosted.org/packages/61/17/d4ed11bc99d205d6d2651a0f1a4874f377150f836b5a0849bd511d68a2eb/hypothesis-6.168.0-cp310-abi3-win32.whl", hash = "sha256:2264f15a1c80329e3ad48e39c44bd5c9429b7b04c9ee62cdd72f4b10aaac9f29", size = 677989, upload-time = "2026-09-08T18:47:24.722Z" },
    { url = "https://files.pythonhosted.org/packages/77/51/abf1fde7b8afab87db30afb73b3847e62440551d146472111cabeba2fe00/hypothesis-6.168.0-cp310-abi3-win_amd64.whl", hash = "sha256:5b54769033b84477931d2072e7133a7555e0de5c53fd5ca3bbde960762d7d31b", size = 684692, upload-time = "2026-09-08T18:46:24.449Z" },
    { url = "https://files.pythonhosted.org/packages/12/e2/64d79aed47a95186ce9edcef60eb4684870c72542da3b7027c2483d8ee8c/hypothesis-6.168.0-cp310-abi3-win_arm64.whl", hash = "sha256:112b0900059bf9d7d6528ed729770629ab146e0d133c4143b9bd4a01dc002bcc", size = 682709, upload-time = "2026-09-08T18:48:03.756Z" },
    { url = "https://files.pythonhosted.org/packages/2f/c1/64b36b250b1f66abb6ce8c81775d3373d149bc89cbea477ed71b57cf7d1b/hypothesis-6.168.0-cp314-cp314-macosx_10_12_x86_64.whl", hash = "sha256:e2df8afacf9261070795db36db4a394e3ccdbb663fd2d38c7a9fba0c836dcecc", size = 793101, upload-time = "2026-09-08T18:46:54.067Z" },
    { url = "https://files.pythonhosted.org/packages/6d/c4/494e42304b15f4ec649d36bbc3fc01cef1b63405cf30d4087ae07d048172/hypothesis-6.168.0-cp314-cp314-macosx_11_0_arm64.whl", hash = "sha256:9ba679f183c67adcb6f4ad93694beafb6da99fe691757f4e57b04ae77e581ba8", size = 784632, upload-time = "2026-09-08T18:48:31.551Z" },
    { url = "https://files.pythonhosted.org/packages/f2/6d/90d874cb1d749f505749c9908f34e803b97b03457797d5893354980558bc/hypothesis-6.168.0-cp314-cp314-manylinux_2_17_aarch64.manylinux2014_aarch64.whl", hash = "sha256:9d9a8574f80fc859313aee56167d202e8625c0eedd200971130f0839f06d1c93", size = 1123101, upload-time = "2026-09-08T18:48:17.362Z" },
    { url = "https://files.pythonhosted.org/packages/3d/bb/ec893d0e5f4bcdd0121a8a4280f4e8aba3b4cdae01411f3236016ecd1f81/hypothesis-6.168.0-cp314-cp314-manylinux_2_17_x86_64.manylinux2014_x86_64.whl", hash = "sha256:deb02de608268928d779aa889b0a9d67794b1cc0c54a322cf19e386be8a46ca7", size = 1168962, upload-time = "2026-09-08T18:46:48.507Z" },
    { url = "https://files.pythonhosted.org/packages/11/f1/16ec2bddbaed461725d9aa5a80b43f1905ea50a08f689ec46f8966bb4f0f/hypothesis-6.168.0-cp314-cp314-musllinux_1_2_aarch64.whl", hash = "sha256:076a2096c34448931c3cfeb2eb7a6b843a56ffdce5e4e3a025bfdf8f935666d9", size = 1298932, upload-time = "2026-09-08T18:47:40.632Z" },
    { url = "https://files.pythonhosted.org/packages/8f/12/7c2fe2706d092f12bd7b3e8565e1ca5d0c24b853751f2f970768086dbdeb/hypothesis-6.168.0-cp314-cp314-musllinux_1_2_x86_64.whl", hash = "sha256:5f099b1c8fc49ec2d9d7944e661addb97d7c38e818fb8d1f78073c43895a87f6", size = 1335196, upload-time = "2026-09-08T18:47:57.775Z" },
    { url = "https://files.pythonhosted.org/packages/20/35/59f7ca2414ca39408d13f66a344affe0ffc64748dc01d8a1ca910009cdcb/hypothesis-6.168.0-cp314-cp314-pyemscripten_2026_0_wasm32.whl", hash = "sha256:93413d1b0af50a7b165d66278c529174bf2fd1773c78027735dc0b50d1d3fd27", size = 624102, upload-time = "2026-09-08T18:47:38.869Z" },
    { url = "https://files.pythonhosted.org/packages/a9/1e/dcd9335ace916ffea40f2cb04ba4122094c2f7b928f3a73fc7d452ce5b71/hypothesis-6.168.0-cp314-cp314-win_amd64.whl", hash = "sha256:db2751c27bffc8491a96d72969649089d5400115e4b7c49bf7167ebbdcc84193", size = 681871, upload-time = "2026-09-08T18:47:59.697Z" },
    { url = "https://files.pythonhosted.org/packages/de/d0/bc50b0b91e40744b7caa56b8add85cef432f85b4d00108409e8eb17af830/hypothesis-6.168.0-cp314-cp314t-macosx_10_12_x86_64.whl", hash = "sha256:cd0c1dcf308e919c8ae708054d0ad61921ae87634a9aea574a9851da584cebc1", size = 791695, upload-time = "2026-09-08T18:47:06.306Z" },
    { url = "https://files.pythonhosted.org/packages/4b/53/fc7537d50ff008dc5ea8598764935f93dd07bcedaf23ee4e635bdf7055f4/hypothesis-6.168.0-cp314-cp314t-macosx_11_0_arm64.whl", hash = "sha256:d0bdb77f976740b8cd5ec697327ea343d02d052b9916d213b5d4c65d823415cd", size = 783239, upload-time = "2026-09-08T18:47:47.43Z" },
    { url = "https://files.pythonhosted.org/packages/71/2a/c7aac2efc06713f704d7e354755aff4a11608b9fe93d973ead374f3b81a3/hypothesis-6.168.0-cp314-cp314t-manylinux_2_17_aarch64.manylinux2014_aarch64.whl", hash = "sha256:3f7486bed33225d02f6aa78a4c4ba2b6f84992a82571cdda1bf08dce41d13507", size = 1121412, upload-time = "2026-09-08T18:47:07.927Z" },
    { url = "https://files.pythonhosted.org/packages/60/e2/668ab29e5096af682b17b8491f5427d7c5f17c1b991daa5577bde80c29ca/hypothesis-6.168.0-cp314-cp314t-manylinux_2_17_x86_64.manylinux2014_x86_64.whl", hash = "sha256:0ba3838c4a92e0b9730d1ed7e67e4950c152ad79d0a0c7594065262db84c55c4", size = 1167570, upload-time = "2026-09-08T18:47:17.94Z" },
    { url = "https://files.pythonhosted.org/packages/3a/17/c64635e4c988b5fa3d3b8be322e19e2fe4c731fa0ca074ca852aa70debea/hypothesis-6.168.0-cp314-cp314t-musllinux_1_2_aarch64.whl", hash = "sha256:891b2d281ede45130e7fa0a22fd65336cc77ef2f780ec3792e8de6fc274a02c8", size = 1297118, upload-time = "2026-09-08T18:48:13.407Z" },
    { url = "https://files.pythonhosted.org/packages/e7/c5/c7a0d9a06bf5c3279386dd53161081a57b98c6faf60fbbf64d046315e9e6/hypothesis-6.168.0-cp314-cp314t-musllinux_1_2_x86_64.whl", hash = "sha256:e86820053afad84677f301c0b892a226be1df49790800a65668ae7cc8a1ac571", size = 1334068, upload-time = "2026-09-08T18:48:15.462Z" },
    { url = "https://files.pythonhosted.org/packages/32/99/11a393a20a867e9b978308323d45022e96f5cd2edf391e4d9a65fb4e2cf7/hypothesis-6.168.0-cp314-cp314t-win_amd64.whl", hash = "sha256:a4956f41ab1ec6e6ef9262a35970e9f3e2caaaa1cdafe0d413156c6934dd99d8", size = 681795, upload-time = "2026-09-08T18:47:14.415Z" },
    { url = "https://files.pythonhosted.org/packages/16/f7/5adae1bf1d4877aca2e8c8e007e57077237e9ac3765e430ffda490b17e19/hypothesis-6.168.0-cp315-abi3.abi3t-macosx_10_12_x86_64.whl", hash = "sha256:754016594fe78cef91790e0922f60d183c52f531255fbfa30dac495b813e2128", size = 791056, upload-time = "2026-09-08T18:48:27.398Z" },
    { url = "https://files.pythonhosted.org/packages/f2/93/b1b2770b87591db5cf564b9aa0265cf21e9207d28645e0abdeb8df63225b/hypothesis-6.168.0-cp315-abi3.abi3t-macosx_11_0_arm64.whl", hash = "sha256:6f0dd437ec01140676192422b61f2f833b3ce6a3213da9b7e196ad6b3777e795", size = 782980, upload-time = "2026-09-08T18:48:34.087Z" },
    { url = "https://files.pythonhosted.org/packages/de/bd/673171c1d2423379a7d4a0f9f009cca735a422d0c4a4ac6422d1d1736cab/hypothesis-6.168.0-cp315-abi3.abi3t-manylinux_2_17_aarch64.manylinux2014_aarch64.whl", hash = "sha256:f77af7721ff35a58fa8797decd14c932c350a2548686c6e9b844db710a3a2441", size = 1120964, upload-time = "2026-09-08T18:46:59.92Z" },
    { url = "https://files.pythonhosted.org/packages/7d/00/33a9bd941b22a4fd8a8c805b1563e0db17efc020422f5bd15bdd0fdf258f/hypothesis-6.168.0-cp315-abi3.abi3t-manylinux_2_17_armv7l.manylinux2014_armv7l.whl", hash = "sha256:a0d28418c104d7268fdebcc09bc49f7b6569b5eb942430c6859f53ec8d4edf63", size = 1143869, upload-time = "2026-09-08T18:46:49.875Z" },
    { url = "https://files.pythonhosted.org/packages/0f/c1/963460976f41721eff8f67f30d31059ea407cc1b41c737c8859aabf37197/hypothesis-6.168.0-cp315-abi3.abi3t-manylinux_2_17_ppc64le.manylinux2014_ppc64le.whl", hash = "sha256:812a84c4cc7f7ae4fcb39a5647cc2698e6c18254f8423126425578f1dcdac782", size = 1146453, upload-time = "2026-09-08T18:46:25.757Z" },
    { url = "https://files.pythonhosted.org/packages/ce/53/09db238098ad66f4e6d2fe883f26c270c2595b90e21c8f969d4cb21cad7a/hypothesis-6.168.0-cp315-abi3.abi3t-manylinux_2_17_x86_64.manylinux2014_x86_64.whl", hash = "sha256:6de30e559eb151de14a5f74bceb4d97792a9315ada2a1816b5da825cd7d28edc", size = 1166918, upload-time = "2026-09-08T18:48:23.436Z" },
    { url = "https://files.pythonhosted.org/packages/b9/31/e1b7b452c8a6166e445ba2ad80a864f6a9eee0fe4c8cecdb9af5c1ee0aa5/hypothesis-6.168.0-cp315-abi3.abi3t-manylinux_2_31_riscv64.whl", hash = "sha256:9018b20acdb061b2ef4b2fa7f558ca5db97ffea316e0a528bc003a24b2ac996e", size = 1126637, upload-time = "2026-09-08T18:47:50.878Z" },
    { url = "https://files.pythonhosted.org/packages/97/2b/4eceed248afb46fb6b2df21cf2239362de5b25d295c2dc67a82ec8657d5e/hypothesis-6.168.0-cp315-abi3.abi3t-manylinux_2_5_i686.manylinux1_i686.whl", hash = "sha256:bc935a5d5f86fd8f5af951b8fbe00307f6f7c596f82a9a27c17d974f6ab0a26c", size = 1155682, upload-time = "2026-09-08T18:47:30.234Z" },
    { url = "https://files.pythonhosted.org/packages/b5/3e/f3414cda4f325004d5774485e8983b7d1b99e4b91013f013dd088fd778cf/hypothesis-6.168.0-cp315-abi3.abi3t-musllinux_1_2_aarch64.whl", hash = "sha256:45fcfa05f746e253350f55f216bcef59754f5f2b85745f1fc2bb8ba81dd517a9", size = 1296464, upload-time = "2026-09-08T18:46:34.833Z" },
    { url = "https://files.pythonhosted.org/packages/aa/40/ca79cf96545e1f172b36b8df56bfeb02b61f351f283026f9a57c4631e368/hypothesis-6.168.0-cp315-abi3.abi3t-musllinux_1_2_armv7l.whl", hash = "sha256:f89d8e998d3c936ffbbd1c3686c96f0378f6558aecc5967a3035a857f2bab0ad", size = 1421853, upload-time = "2026-09-08T18:47:23.083Z" },
    { url = "https://files.pythonhosted.org/packages/77/bc/657d5386740c1f4ac518ff05e4c5b132f1e6df2e7c865ba8fda4279adfa5/hypothesis-6.168.0-cp315-abi3.abi3t-musllinux_1_2_ppc64le.whl", hash = "sha256:d0620fa320fa66649e6bfd71e94f3f86115fffebb7e3c6dcece19d1aaff8e07f", size = 1278216, upload-time = "2026-09-08T18:46:30.871Z" },
    { url = "https://files.pythonhosted.org/packages/51/54/2328cdb70489a36634534478d9b238594a269d8bec4630ea0e6897048347/hypothesis-6.168.0-cp315-abi3.abi3t-musllinux_1_2_riscv64.whl", hash = "sha256:4085b61e25d3dcc6c9151d4115269870aee8cdb921611ee5c989b2786449be09", size = 1297593, upload-time = "2026-09-08T18:46:41.395Z" },
    { url = "https://files.pythonhosted.org/packages/9c/ca/d803fa57e3ff7f460f6e262d2b74822cf143343d378501fd3da601b12040/hypothesis-6.168.0-cp315-abi3.abi3t-musllinux_1_2_x86_64.whl", hash = "sha256:b5449a64eb37d9a4aa6ac9cd2ab0fd1a24145adf421ef1536884f73f39824887", size = 1333785, upload-time = "2026-09-08T18:48:25.434Z" },
    { url = "https://files.pythonhosted.org/packages/86/8f/b9799ae6ba6074f151db2c63f9f6f12d844512821ffaba1a3672d7e59f07/hypothesis-6.168.0-cp315-abi3.abi3t-win32.whl", hash = "sha256:91e3de666a6c4f7543000d1710e25055d63ef3032c98bd2ab338b3087bdaa780", size = 675173, upload-time = "2026-09-08T18:47:52.601Z" },
    { url = "https://files.pythonhosted.org/packages/61/54/14c3e277b451ff24128ecc2673cac59dd7e535bce1a433c466912fd682e1/hypothesis-6.168.0-cp315-abi3.abi3t-win_amd64.whl", hash = "sha256:9a2079cd09919956dd388f1a1f8ea5a79f2b2437650fbeda31d8661217ffefef", size = 681491, upload-time = "2026-09-08T18:46:51.437Z" },
    { url = "https://files.pythonhosted.org/packages/99/f3/827e4a48ffee7e40244b0bf064ba47c2171e053ab7edf1cf770105e23401/hypothesis-6.168.0-cp315-abi3.abi3t-win_arm64.whl", hash = "sha256:085c9aa246487c56a40ca89003d285cbffdbb5be4097ba6d0139f9c21003c04a", size = 679197, upload-time = "2026-09-08T18:47:32.112Z" },
]

[[package]]
name = "iniconfig"
version = "2.3.0"
source = { registry = "https://pypi.org/simple" }
sdist = { url = "https://files.pythonhosted.org/packages/72/34/14ca021ce8e5dfedc35312d08ba8bf51fdd999c576889fc2c24cb97f4f10/iniconfig-2.3.0.tar.gz", hash = "sha256:c76315c77db068650d49c5b56314774a7804df16fee4402c1f19d6d15d8c4730", size = 20503, upload-time = "2025-10-18T21:55:43.219Z" }
wheels = [
    { url = "https://files.pythonhosted.org/packages/cb/b1/3846dd7f199d53cb17f49cba7e651e9ce294d8497c8c150530ed11865bb8/iniconfig-2.3.0-py3-none-any.whl", hash = "sha256:f631c04d2c48c52b84d0d0549c99ff3859c98df65b3101406327ecc7d53fbf12", size = 7484, upload-time = "2025-10-18T21:55:41.639Z" },
]

[[package]]
name = "nodejs-wheel-binaries"
version = "24.19.0"
source = { registry = "https://pypi.org/simple" }
sdist = { url = "https://files.pythonhosted.org/packages/c0/76/7e97195e14346598565a0de4ca8bdbd5e634b3fb5b1ba590b7b1b89f8a63/nodejs_wheel_binaries-24.19.0.tar.gz", hash = "sha256:db217eef8cab8551667863379b08db4d9067403f6cbbe87481eb40edceb8aa9b", size = 8058, upload-time = "2026-08-19T21:47:19.671Z" }
wheels = [
    { url = "https://files.pythonhosted.org/packages/8c/52/0774b52c7be8151ad9d5aff44edc100c3f13d6d8eb3765f63ffa40e69fe8/nodejs_wheel_binaries-24.19.0-py2.py3-none-macosx_13_0_arm64.whl", hash = "sha256:e12cbfd69089504e42fb14194ce734a9dcf3eb38c820ca63dd511d36fb964e9c", size = 56047203, upload-time = "2026-08-19T21:46:43.448Z" },
    { url = "https://files.pythonhosted.org/packages/67/3a/4fdbbfecf2c23d52c0e3f68de7f7c1b3c97a26d328c69c5f6c49c48e340e/nodejs_wheel_binaries-24.19.0-py2.py3-none-macosx_13_0_x86_64.whl", hash = "sha256:1c890adf4b7e6556ccc1ca66c866bb81884b6c9a581dee4e530dc7f78fb9d514", size = 56219459, upload-time = "2026-08-19T21:46:48.45Z" },
    { url = "https://files.pythonhosted.org/packages/5f/a8/0147149415195c59b8a72a594916bfb80d6be4d586f9fbfda313889e0efc/nodejs_wheel_binaries-24.19.0-py2.py3-none-manylinux_2_28_aarch64.whl", hash = "sha256:4e029dadfae1295876063c96b236f673487e8c27379fe146c1e2250283520227", size = 60588256, upload-time = "2026-08-19T21:46:53.298Z" },
    { url = "https://files.pythonhosted.org/packages/f4/89/6631d0982353da1bb7bc00bb1988f702822c62b42634f57999ee53b5c337/nodejs_wheel_binaries-24.19.0-py2.py3-none-manylinux_2_28_x86_64.whl", hash = "sha256:4196a947bcc883f2003ab101762d729f3e99b5e86b75bd09151563403e2eceb8", size = 61123607, upload-time = "2026-08-19T21:46:58.117Z" },
    { url = "https://files.pythonhosted.org/packages/32/a2/fa30f0841e4602995782e124359f9b910c7b481d98decf61ef0b2fc3ebfb/nodejs_wheel_binaries-24.19.0-py2.py3-none-musllinux_1_2_aarch64.whl", hash = "sha256:352e048ab4dd35e7de5f338d1cc4fcbf77a0e93da30bf7336a8217ee246b31d7", size = 62632842, upload-time = "2026-08-19T21:47:03.42Z" },
    { url = "https://files.pythonhosted.org/packages/18/01/22d97ca72213f66cc386ee638db30c2e62757fdf761c6029074bced83d1c/nodejs_wheel_binaries-24.19.0-py2.py3-none-musllinux_1_2_x86_64.whl", hash = "sha256:28d078b2ced9e2069516e652dc4b1380e7a1a7f2d3934eccd1611586d283ba4c", size = 63250653, upload-time = "2026-08-19T21:47:07.938Z" },
    { url = "https://files.pythonhosted.org/packages/88/d1/e3be8fa327a795bcaf7a19cd84299e338a7bce32ff0665fdce9cfa22573c/nodejs_wheel_binaries-24.19.0-py2.py3-none-win_amd64.whl", hash = "sha256:67e3abeb9c3830cae8c8487ae8a2af7cc27dfa75af06145cee5ca7d1857c81bd", size = 42448503, upload-time = "2026-08-19T21:47:12.093Z" },
    { url = "https://files.pythonhosted.org/packages/1d/37/34cf28ba1691a060174948a9927fe61091982d6048b2e403071a9acce443/nodejs_wheel_binaries-24.19.0-py2.py3-none-win_arm64.whl", hash = "sha256:d9074c665ea68b04e183d82482c86dc907d3a9bd15eb6cf85542cb785266bb36", size = 40090155, upload-time = "2026-08-19T21:47:16.032Z" },
]

[[package]]
name = "packaging"
version = "26.3"
source = { registry = "https://pypi.org/simple" }
sdist = { url = "https://files.pythonhosted.org/packages/7d/fa/3944b40b07da9ce895c0e6303a5ab7d53da063554f534556b134a54d6093/packaging-26.3.tar.gz", hash = "sha256:94edc256424af38762eb31306eed28beb9f0efc50a8837492c9d6fd6004aed79", size = 313412, upload-time = "2026-08-04T18:15:28.737Z" }
wheels = [
    { url = "https://files.pythonhosted.org/packages/63/34/ba1c580383c9eada3711951fef0795c80b829a078d72188184bcab9dd527/packaging-26.3-py3-none-any.whl", hash = "sha256:d7193f7c8e4e93f444fde0262bf90af30e16fa0ad0ad44cb553c87339b23cd1c", size = 129956, upload-time = "2026-08-04T18:15:27.159Z" },
]

[[package]]
name = "pluggy"
version = "1.6.0"
source = { registry = "https://pypi.org/simple" }
sdist = { url = "https://files.pythonhosted.org/packages/f9/e2/3e91f31a7d2b083fe6ef3fa267035b518369d9511ffab804f839851d2779/pluggy-1.6.0.tar.gz", hash = "sha256:7dcc130b76258d33b90f61b658791dede3486c3e6bfb003ee5c9bfb396dd22f3", size = 69412, upload-time = "2025-05-15T12:30:07.975Z" }
wheels = [
    { url = "https://files.pythonhosted.org/packages/54/20/4d324d65cc6d9205fabedc306948156824eb9f0ee1633355a8f7ec5c66bf/pluggy-1.6.0-py3-none-any.whl", hash = "sha256:e920276dd6813095e9377c0bc5566d94c932c33b27a3e3945d8389c374dd4746", size = 20538, upload-time = "2025-05-15T12:30:06.134Z" },
]

[[package]]
name = "pygments"
version = "2.21.0"
source = { registry = "https://pypi.org/simple" }
sdist = { url = "https://files.pythonhosted.org/packages/49/2e/ced460408999b33da6b31b0021b0f37d329e202d4169aeb164493778f25b/pygments-2.21.0.tar.gz", hash = "sha256:610ca751c9bc2492b38eb9a38a7fbc93edbbb2d7182edaf34e66ae493dee5c8c", size = 5005329, upload-time = "2026-08-17T08:02:48.824Z" }
wheels = [
    { url = "https://files.pythonhosted.org/packages/71/46/17f022dd3e953bf20a04a028a21ec746d942f8d2af30fa0f124fa0e6a684/pygments-2.21.0-py3-none-any.whl", hash = "sha256:2363c69b61c4a97c838da3b130dcd6468f4848992b21a82f2a63ec34377137d9", size = 1250147, upload-time = "2026-08-17T08:02:44.912Z" },
]

[[package]]
name = "pytest"
version = "9.1.1"
source = { registry = "https://pypi.org/simple" }
dependencies = [
    { name = "colorama", marker = "sys_platform == 'win32'" },
    { name = "iniconfig" },
    { name = "packaging" },
    { name = "pluggy" },
    { name = "pygments" },
]
sdist = { url = "https://files.pythonhosted.org/packages/e4/47/b9efed96c114afcfa3c9d3fe98a76a1d14c74a9e266d397cf6eb64be5e01/pytest-9.1.1.tar.gz", hash = "sha256:1088fbde8f2b49d95a549a195707afa7a76a3ce9bcadc26b6d71f0ffda5fe313", size = 1636369, upload-time = "2026-06-19T10:58:32.857Z" }
wheels = [
    { url = "https://files.pythonhosted.org/packages/24/25/1de2678b631f5a49215c6c96fff41ba892b0a34df68d6d80292b1b48aa7f/pytest-9.1.1-py3-none-any.whl", hash = "sha256:37a86b45efb9a47a61a36449063e8e18d0cab3161329fc099eb21783169c4f0c", size = 386536, upload-time = "2026-06-19T10:58:31.347Z" },
]

[[package]]
name = "ruff"
version = "0.16.6"
source = { registry = "https://pypi.org/simple" }
sdist = { url = "https://files.pythonhosted.org/packages/a4/7c/6adb35d70e7c027e308274557901c7e00fb3407750faf3620c184ae058cb/ruff-0.16.6.tar.gz", hash = "sha256:dcf8a73d2ff77e99dde91244b4da16feba7f14e6beeb4015dee7c5a909e99050", size = 4921251, upload-time = "2026-09-03T16:57:29.037Z" }
wheels = [
    { url = "https://files.pythonhosted.org/packages/a4/28/9cc1b79639e284ec103f43c88c644db4eb58cbd0ea1ca11f1193435369ac/ruff-0.16.6-py3-none-linux_armv6l.whl", hash = "sha256:61c368c26bf8e973e5ab14a2772de587bc068ea3f9a277f673380749b4898fb8", size = 10015638, upload-time = "2026-09-03T16:56:40.986Z" },
    { url = "https://files.pythonhosted.org/packages/71/11/627d342ef727ea7794edf74fe23d60a074b02c3acc2e9436684e782286ca/ruff-0.16.6-py3-none-macosx_10_12_x86_64.whl", hash = "sha256:ecf4f068e2e123e43a26e9db4e19524cc56563912404e83bbfca375757e45a32", size = 10220762, upload-time = "2026-09-03T16:56:44.681Z" },
    { url = "https://files.pythonhosted.org/packages/43/d9/b75668ce41e4c8d073d18d6d08672ba6906ce45d5c06ea4fdb2e84ce3853/ruff-0.16.6-py3-none-macosx_11_0_arm64.whl", hash = "sha256:99b62ea33baf130f50368798d841f0d95527b6d817bf31817b65dd058f1d314c", size = 9835082, upload-time = "2026-09-03T16:56:47.142Z" },
    { url = "https://files.pythonhosted.org/packages/99/97/123ab10b05cde889c107c20f5a9774955104b5552796a2a8584b089ae8eb/ruff-0.16.6-py3-none-manylinux_2_17_aarch64.manylinux2014_aarch64.whl", hash = "sha256:7fbf89013f2bb3f6835a6038ff658dc8a1b38c98dc8e724b964168ad4e881876", size = 9949304, upload-time = "2026-09-03T16:56:49.813Z" },
    { url = "https://files.pythonhosted.org/packages/3e/58/a4a2c59dd2e5b85929c912d9cac3056eb9ee8c7e75e9b9fe3e109174966b/ruff-0.16.6-py3-none-manylinux_2_17_armv7l.manylinux2014_armv7l.whl", hash = "sha256:56a67065e22efa6bc4d498299d3bb06c0c90aace8fac2068b5a12f9dc4d8d51d", size = 9840612, upload-time = "2026-09-03T16:56:52.368Z" },
    { url = "https://files.pythonhosted.org/packages/61/6a/ff8c8626a786c4f49d48ced4a752dadbca65f5263005f9c2416578194694/ruff-0.16.6-py3-none-manylinux_2_17_i686.manylinux2014_i686.whl", hash = "sha256:e25cc89174874b176a157e4428d66761c2c0c006654419bf384f967f361ff1b1", size = 10543465, upload-time = "2026-09-03T16:56:55.089Z" },
    { url = "https://files.pythonhosted.org/packages/ad/bb/c47535923365f337b82e28192e4e9eef2176511007cfd99a62fc22df5dad/ruff-0.16.6-py3-none-manylinux_2_17_ppc64le.manylinux2014_ppc64le.whl", hash = "sha256:0700580ed5303723cb3c11c2f1d2a8913ce77b7ea86646dddb887f5417a9ba70", size = 11267576, upload-time = "2026-09-03T16:56:57.791Z" },
    { url = "https://files.pythonhosted.org/packages/ba/50/e5119a5212b5cd63b51e1f4b25e7bd636a6668fc069a3160b108ad7e3c16/ruff-0.16.6-py3-none-manylinux_2_17_s390x.manylinux2014_s390x.whl", hash = "sha256:15f1d0b6e165a6e56567befb6629f8209271311d990bae0f37e6d065035ef5f3", size = 10781993, upload-time = "2026-09-03T16:57:00.666Z" },
    { url = "https://files.pythonhosted.org/packages/8b/98/083d8b4ef3c51a0d19db84367791cbe9f44e4b53343d19dfa83556e1cd9a/ruff-0.16.6-py3-none-manylinux_2_17_x86_64.manylinux2014_x86_64.whl", hash = "sha256:d72c591a96986ee4268860e2b7235082129ca5e4cb9cbba653a4b57c11893757", size = 10317748, upload-time = "2026-09-03T16:57:03.428Z" },
    { url = "https://files.pythonhosted.org/packages/9a/29/68f7ff2c5ad95f19f00627ac2de95644e25fe47371ea60b2db1fd952315e/ruff-0.16.6-py3-none-manylinux_2_31_riscv64.whl", hash = "sha256:65a006baa18f33324325814c864daef03541d51564b98c517610ea756ab7003e", size = 10540096, upload-time = "2026-09-03T16:57:06.182Z" },
    { url = "https://files.pythonhosted.org/packages/c4/f9/79a8f6de85968641d68a7863aeec577551924ef066a990a48ff93167beab/ruff-0.16.6-py3-none-musllinux_1_2_aarch64.whl", hash = "sha256:cd02a7bf1a21a8735228a3e8c95a9dc5cf86bd2a52194f4aaae2a5755b4de0f4", size = 10100494, upload-time = "2026-09-03T16:57:09.194Z" },
    { url = "https://files.pythonhosted.org/packages/d9/e8/b81a22d9b90c00b892ccf2fa2ac36fa95de4c13ab85aea3e73795cfe4651/ruff-0.16.6-py3-none-musllinux_1_2_armv7l.whl", hash = "sha256:31b36f1e5ad85e0737f09d2be4e512e2e283583c14015da3b9dc07359ac0fc88", size = 9843663, upload-time = "2026-09-03T16:57:12.168Z" },
    { url = "https://files.pythonhosted.org/packages/39/aa/54f516ec5e5a11c4afdceb1c454ebb054ffb96e4f4a1705580b4346abd35/ruff-0.16.6-py3-none-musllinux_1_2_i686.whl", hash = "sha256:61029b4ab4aa723fd3064fab96b1d814492596bf0c792679fffcbde1e1679953", size = 10282461, upload-time = "2026-09-03T16:57:15.077Z" },
    { url = "https://files.pythonhosted.org/packages/52/0b/38d0aa8aa32372b96dc44f97b22e576c4147808271aab7b2cb1e353d4445/ruff-0.16.6-py3-none-musllinux_1_2_x86_64.whl", hash = "sha256:9ac8998457832c2061709d900856b7ad271dace0cb41f346588d540162bfa718", size = 10728808, upload-time = "2026-09-03T16:57:17.797Z" },
    { url = "https://files.pythonhosted.org/packages/5e/e5/9e274e24eeb027640ffc7442f21239f16d17f47acec15ae34f32e03a5c79/ruff-0.16.6-py3-none-win32.whl", hash = "sha256:0b87d9d16fcb63e8018423ca1d50b7260f15cb2da33e30db4baad4183a948c25", size = 10049212, upload-time = "2026-09-03T16:57:20.55Z" },
    { url = "https://files.pythonhosted.org/packages/22/31/72472449414223ed1a2da236b992adbb1a2ae59e34794574810f60ce068e/ruff-0.16.6-py3-none-win_amd64.whl", hash = "sha256:10d21c51c3495d8eaea7b703a16592117ea6eb1d649e36335aa965ff1173eb39", size = 10556402, upload-time = "2026-09-03T16:57:23.501Z" },
    { url = "https://files.pythonhosted.org/packages/fc/07/d781f8f8e1ac24bef9f3269cf62ffb1407ca24c3a8f12e5e22874f90528c/ruff-0.16.6-py3-none-win_arm64.whl", hash = "sha256:7a976c79b958f94e50a022a19f0f8c87387448020935ec14fc74331bd0a7f2c5", size = 10412850, upload-time = "2026-09-03T16:57:26.416Z" },
]

[[package]]
name = "sortedcontainers"
version = "2.4.0"
source = { registry = "https://pypi.org/simple" }
sdist = { url = "https://files.pythonhosted.org/packages/e8/c4/ba2f8066cceb6f23394729afe52f3bf7adec04bf9ed2c820b39e19299111/sortedcontainers-2.4.0.tar.gz", hash = "sha256:25caa5a06cc30b6b83d11423433f65d1f9d76c4c6a0c90e3379eaa43b9bfdb88", size = 30594, upload-time = "2021-05-16T22:03:42.897Z" }
wheels = [
    { url = "https://files.pythonhosted.org/packages/32/46/9cb0e58b2deb7f82b84065f37f3bffeb12413f947f9388e4cac22c4621ce/sortedcontainers-2.4.0-py2.py3-none-any.whl", hash = "sha256:a163dcaede0f1c021485e957a39245190e74249897e2ae4b2aa38595db237ee0", size = 29575, upload-time = "2021-05-16T22:03:41.177Z" },
]
